# THIS IS AN AUTOGENERATED FILE. DO NOT EDIT THIS FILE DIRECTLY.
# yarn lockfile v1


midi-player-js@^2.0.16:
  version "2.0.16"
  resolved "https://registry.yarnpkg.com/midi-player-js/-/midi-player-js-2.0.16.tgz#41167859e3f430e55eeb962887cb498726d6c570"
  integrity sha512-Y1yCRvvSjJjT5J4U8T4XTCDF1FLXtw8Otvq5BAmIob/2cj10aQUDrPDFByTWeuMRPu6/nLhusROc1DuTLCzRnw==
